// !$*UTF8*$!
{
	archiveVersion = 1;
	classes = {
	};
	objectVersion = 48;
	objects = {

/* Begin PBXBuildFile section */
		094049110BB5C5CCB6FF3210 /* Pods_Donate.framework in Frameworks */ = {isa = PBXBuildFile; fileRef = 63C7AD8ADC26411BB19AAEE4 /* Pods_Donate.framework */; };
		499CA524208ED25000D27F7E /* DataModel.xcdatamodeld in Sources */ = {isa = PBXBuildFile; fileRef = 499CA522208ED25000D27F7E /* DataModel.xcdatamodeld */; };
		49F1BC79208FC0E500483678 /* CategoryViewController.swift in Sources */ = {isa = PBXBuildFile; fileRef = 49F1BC78208FC0E500483678 /* CategoryViewController.swift */; };
		49F4AF86208E6A9200008BFD /* AppDelegate.swift in Sources */ = {isa = PBXBuildFile; fileRef = 49F4AF85208E6A9200008BFD /* AppDelegate.swift */; };
		49F4AF88208E6A9200008BFD /* donate.swift in Sources */ = {isa = PBXBuildFile; fileRef = 49F4AF87208E6A9200008BFD /* donate.swift */; };
		49F4AF8B208E6A9200008BFD /* Main.storyboard in Resources */ = {isa = PBXBuildFile; fileRef = 49F4AF89208E6A9200008BFD /* Main.storyboard */; };
		49F4AF8D208E6A9200008BFD /* Assets.xcassets in Resources */ = {isa = PBXBuildFile; fileRef = 49F4AF8C208E6A9200008BFD /* Assets.xcassets */; };
		49F4AF90208E6A9200008BFD /* LaunchScreen.storyboard in Resources */ = {isa = PBXBuildFile; fileRef = 49F4AF8E208E6A9200008BFD /* LaunchScreen.storyboard */; };
/* End PBXBuildFile section */

/* Begin PBXFileReference section */
		499CA523208ED25000D27F7E /* DataModel.xcdatamodel */ = {isa = PBXFileReference; lastKnownFileType = wrapper.xcdatamodel; path = DataModel.xcdatamodel; sourceTree = "<group>"; };
		49F1BC78208FC0E500483678 /* CategoryViewController.swift */ = {isa = PBXFileReference; lastKnownFileType = sourcecode.swift; name = CategoryViewController.swift; path = Donate/Controllers/CategoryViewController.swift; sourceTree = SOURCE_ROOT; };
		49F4AF82208E6A9200008BFD /* Donate.app */ = {isa = PBXFileReference; explicitFileType = wrapper.application; includeInIndex = 0; path = Donate.app; sourceTree = BUILT_PRODUCTS_DIR; };
		49F4AF85208E6A9200008BFD /* AppDelegate.swift */ = {isa = PBXFileReference; lastKnownFileType = sourcecode.swift; path = AppDelegate.swift; sourceTree = "<group>"; };
		49F4AF87208E6A9200008BFD /* donate.swift */ = {isa = PBXFileReference; lastKnownFileType = sourcecode.swift; path = donate.swift; sourceTree = "<group>"; };
		49F4AF8A208E6A9200008BFD /* Base */ = {isa = PBXFileReference; lastKnownFileType = file.storyboard; name = Base; path = Base.lproj/Main.storyboard; sourceTree = "<group>"; };
		49F4AF8C208E6A9200008BFD /* Assets.xcassets */ = {isa = PBXFileReference; lastKnownFileType = folder.assetcatalog; path = Assets.xcassets; sourceTree = "<group>"; };
		49F4AF8F208E6A9200008BFD /* Base */ = {isa = PBXFileReference; lastKnownFileType = file.storyboard; name = Base; path = Base.lproj/LaunchScreen.storyboard; sourceTree = "<group>"; };
		49F4AF91208E6A9200008BFD /* Info.plist */ = {isa = PBXFileReference; lastKnownFileType = text.plist.xml; path = Info.plist; sourceTree = "<group>"; };
		63C7AD8ADC26411BB19AAEE4 /* Pods_Donate.framework */ = {isa = PBXFileReference; explicitFileType = wrapper.framework; includeInIndex = 0; path = Pods_Donate.framework; sourceTree = BUILT_PRODUCTS_DIR; };
		9462F6938D2CED68C1A4249B /* Pods-Donate.release.xcconfig */ = {isa = PBXFileReference; includeInIndex = 1; lastKnownFileType = text.xcconfig; name = "Pods-Donate.release.xcconfig"; path = "Pods/Target Support Files/Pods-Donate/Pods-Donate.release.xcconfig"; sourceTree = "<group>"; };
		AF50FB16229C2724D4F7AC36 /* Pods-Donate.debug.xcconfig */ = {isa = PBXFileReference; includeInIndex = 1; lastKnownFileType = text.xcconfig; name = "Pods-Donate.debug.xcconfig"; path = "Pods/Target Support Files/Pods-Donate/Pods-Donate.debug.xcconfig"; sourceTree = "<group>"; };
/* End PBXFileReference section */

/* Begin PBXFrameworksBuildPhase section */
		49F4AF7F208E6A9200008BFD /* Frameworks */ = {
			isa = PBXFrameworksBuildPhase;
			buildActionMask = 2147483647;
			files = (
				094049110BB5C5CCB6FF3210 /* Pods_Donate.framework in Frameworks */,
			);
			runOnlyForDeploymentPostprocessing = 0;
		};
/* End PBXFrameworksBuildPhase section */

/* Begin PBXGroup section */
		49EC3787208EBA6400CC0E4A /* Data Model */ = {
			isa = PBXGroup;
			children = (
				499CA522208ED25000D27F7E /* DataModel.xcdatamodeld */,
			);
			path = "Data Model";
			sourceTree = "<group>";
		};
		49EC3788208EBA7C00CC0E4A /* Controllers */ = {
			isa = PBXGroup;
			children = (
				49F1BC78208FC0E500483678 /* CategoryViewController.swift */,
				49F4AF87208E6A9200008BFD /* donate.swift */,
			);
			path = Controllers;
			sourceTree = "<group>";
		};
		49EC3789208EBA8800CC0E4A /* Views */ = {
			isa = PBXGroup;
			children = (
				49F4AF89208E6A9200008BFD /* Main.storyboard */,
			);
			path = Views;
			sourceTree = "<group>";
		};
		49EC378A208EBA9000CC0E4A /* Support Files */ = {
			isa = PBXGroup;
			children = (
				49F4AF8C208E6A9200008BFD /* Assets.xcassets */,
				49F4AF8E208E6A9200008BFD /* LaunchScreen.storyboard */,
			);
			path = "Support Files";
			sourceTree = "<group>";
		};
		49F4AF79208E6A9200008BFD = {
			isa = PBXGroup;
			children = (
				49F4AF84208E6A9200008BFD /* Donate */,
				49F4AF83208E6A9200008BFD /* Products */,
				5994C64A980B0259306680EB /* Pods */,
				FC39DA9EF52460BAA8CF3C27 /* Frameworks */,
			);
			sourceTree = "<group>";
		};
		49F4AF83208E6A9200008BFD /* Products */ = {
			isa = PBXGroup;
			children = (
				49F4AF82208E6A9200008BFD /* Donate.app */,
			);
			name = Products;
			sourceTree = "<group>";
		};
		49F4AF84208E6A9200008BFD /* Donate */ = {
			isa = PBXGroup;
			children = (
				49F4AF85208E6A9200008BFD /* AppDelegate.swift */,
				49EC3788208EBA7C00CC0E4A /* Controllers */,
				49EC3787208EBA6400CC0E4A /* Data Model */,
				49EC3789208EBA8800CC0E4A /* Views */,
				49EC378A208EBA9000CC0E4A /* Support Files */,
				49F4AF91208E6A9200008BFD /* Info.plist */,
			);
			path = Donate;
			sourceTree = "<group>";
		};
		5994C64A980B0259306680EB /* Pods */ = {
			isa = PBXGroup;
			children = (
				AF50FB16229C2724D4F7AC36 /* Pods-Donate.debug.xcconfig */,
				9462F6938D2CED68C1A4249B /* Pods-Donate.release.xcconfig */,
			);
			name = Pods;
			sourceTree = "<group>";
		};
		FC39DA9EF52460BAA8CF3C27 /* Frameworks */ = {
			isa = PBXGroup;
			children = (
				63C7AD8ADC26411BB19AAEE4 /* Pods_Donate.framework */,
			);
			name = Frameworks;
			sourceTree = "<group>";
		};
/* End PBXGroup section */

/* Begin PBXNativeTarget section */
		49F4AF81208E6A9200008BFD /* Donate */ = {
			isa = PBXNativeTarget;
			buildConfigurationList = 49F4AF94208E6A9200008BFD /* Build configuration list for PBXNativeTarget "Donate" */;
			buildPhases = (
				DCB4140D06E2C23F6B2B3C0C /* [CP] Check Pods Manifest.lock */,
				49F4AF7E208E6A9200008BFD /* Sources */,
				49F4AF7F208E6A9200008BFD /* Frameworks */,
				49F4AF80208E6A9200008BFD /* Resources */,
				B1A4BCBCF66DD6F7C4FD6250 /* [CP] Embed Pods Frameworks */,
				F55EB3F85232211545E1BA02 /* [CP] Copy Pods Resources */,
			);
			buildRules = (
			);
			dependencies = (
			);
			name = Donate;
			productName = Donate;
			productReference = 49F4AF82208E6A9200008BFD /* Donate.app */;
			productType = "com.apple.product-type.application";
		};
/* End PBXNativeTarget section */

/* Begin PBXProject section */
		49F4AF7A208E6A9200008BFD /* Project object */ = {
			isa = PBXProject;
			attributes = {
				LastSwiftUpdateCheck = 0920;
				LastUpgradeCheck = 0920;
				ORGANIZATIONNAME = "Shaun Seidman";
				TargetAttributes = {
					49F4AF81208E6A9200008BFD = {
						CreatedOnToolsVersion = 9.2;
						ProvisioningStyle = Automatic;
					};
				};
			};
			buildConfigurationList = 49F4AF7D208E6A9200008BFD /* Build configuration list for PBXProject "Donate" */;
			compatibilityVersion = "Xcode 8.0";
			developmentRegion = en;
			hasScannedForEncodings = 0;
			knownRegions = (
				en,
				Base,
			);
			mainGroup = 49F4AF79208E6A9200008BFD;
			productRefGroup = 49F4AF83208E6A9200008BFD /* Products */;
			projectDirPath = "";
			projectRoot = "";
			targets = (
				49F4AF81208E6A9200008BFD /* Donate */,
			);
		};
/* End PBXProject section */

/* Begin PBXResourcesBuildPhase section */
		49F4AF80208E6A9200008BFD /* Resources */ = {
			isa = PBXResourcesBuildPhase;
			buildActionMask = 2147483647;
			files = (
				49F4AF90208E6A9200008BFD /* LaunchScreen.storyboard in Resources */,
				49F4AF8D208E6A9200008BFD /* Assets.xcassets in Resources */,
				49F4AF8B208E6A9200008BFD /* Main.storyboard in Resources */,
			);
			runOnlyForDeploymentPostprocessing = 0;
		};
/* End PBXResourcesBuildPhase section */

/* Begin PBXShellScriptBuildPhase section */
		B1A4BCBCF66DD6F7C4FD6250 /* [CP] Embed Pods Frameworks */ = {
			isa = PBXShellScriptBuildPhase;
			buildActionMask = 2147483647;
			files = (
			);
			inputPaths = (
				"${SRCROOT}/Pods/Target Support Files/Pods-Donate/Pods-Donate-frameworks.sh",
				"${BUILT_PRODUCTS_DIR}/Realm/Realm.framework",
				"${BUILT_PRODUCTS_DIR}/RealmSwift/RealmSwift.framework",
			);
			name = "[CP] Embed Pods Frameworks";
			outputPaths = (
				"${TARGET_BUILD_DIR}/${FRAMEWORKS_FOLDER_PATH}/Realm.framework",
				"${TARGET_BUILD_DIR}/${FRAMEWORKS_FOLDER_PATH}/RealmSwift.framework",
			);
			runOnlyForDeploymentPostprocessing = 0;
			shellPath = /bin/sh;
			shellScript = "\"${SRCROOT}/Pods/Target Support Files/Pods-Donate/Pods-Donate-frameworks.sh\"\n";
			showEnvVarsInLog = 0;
		};
		DCB4140D06E2C23F6B2B3C0C /* [CP] Check Pods Manifest.lock */ = {
			isa = PBXShellScriptBuildPhase;
			buildActionMask = 2147483647;
			files = (
			);
			inputPaths = (
				"${PODS_PODFILE_DIR_PATH}/Podfile.lock",
				"${PODS_ROOT}/Manifest.lock",
			);
			name = "[CP] Check Pods Manifest.lock";
			outputPaths = (
				"$(DERIVED_FILE_DIR)/Pods-Donate-checkManifestLockResult.txt",
			);
			runOnlyForDeploymentPostprocessing = 0;
			shellPath = /bin/sh;
			shellScript = "diff \"${PODS_PODFILE_DIR_PATH}/Podfile.lock\" \"${PODS_ROOT}/Manifest.lock\" > /dev/null\nif [ $? != 0 ] ; then\n    # print error to STDERR\n    echo \"error: The sandbox is not in sync with the Podfile.lock. Run 'pod install' or update your CocoaPods installation.\" >&2\n    exit 1\nfi\n# This output is used by Xcode 'outputs' to avoid re-running this script phase.\necho \"SUCCESS\" > \"${SCRIPT_OUTPUT_FILE_0}\"\n";
			showEnvVarsInLog = 0;
		};
		F55EB3F85232211545E1BA02 /* [CP] Copy Pods Resources */ = {
			isa = PBXShellScriptBuildPhase;
			buildActionMask = 2147483647;
			files = (
			);
			inputPaths = (
			);
			name = "[CP] Copy Pods Resources";
			outputPaths = (
			);
			runOnlyForDeploymentPostprocessing = 0;
			shellPath = /bin/sh;
			shellScript = "\"${SRCROOT}/Pods/Target Support Files/Pods-Donate/Pods-Donate-resources.sh\"\n";
			showEnvVarsInLog = 0;
		};
/* End PBXShellScriptBuildPhase section */

/* Begin PBXSourcesBuildPhase section */
		49F4AF7E208E6A9200008BFD /* Sources */ = {
			isa = PBXSourcesBuildPhase;
			buildActionMask = 2147483647;
			files = (
				49F1BC79208FC0E500483678 /* CategoryViewController.swift in Sources */,
				49F4AF88208E6A9200008BFD /* donate.swift in Sources */,
				499CA524208ED25000D27F7E /* DataModel.xcdatamodeld in Sources */,
				49F4AF86208E6A9200008BFD /* AppDelegate.swift in Sources */,
			);
			runOnlyForDeploymentPostprocessing = 0;
		};
/* End PBXSourcesBuildPhase section */

/* Begin PBXVariantGroup section */
		49F4AF89208E6A9200008BFD /* Main.storyboard */ = {
			isa = PBXVariantGroup;
			children = (
				49F4AF8A208E6A9200008BFD /* Base */,
			);
			name = Main.storyboard;
			sourceTree = "<group>";
		};
		49F4AF8E208E6A9200008BFD /* LaunchScreen.storyboard */ = {
			isa = PBXVariantGroup;
			children = (
				49F4AF8F208E6A9200008BFD /* Base */,
			);
			name = LaunchScreen.storyboard;
			sourceTree = "<group>";
		};
/* End PBXVariantGroup section */

/* Begin XCBuildConfiguration section */
		49F4AF92208E6A9200008BFD /* Debug */ = {
			isa = XCBuildConfiguration;
			buildSettings = {
				ALWAYS_SEARCH_USER_PATHS = NO;
				CLANG_ANALYZER_NONNULL = YES;
				CLANG_ANALYZER_NUMBER_OBJECT_CONVERSION = YES_AGGRESSIVE;
				CLANG_CXX_LANGUAGE_STANDARD = "gnu++14";
				CLANG_CXX_LIBRARY = "libc++";
				CLANG_ENABLE_MODULES = YES;
				CLANG_ENABLE_OBJC_ARC = YES;
				CLANG_WARN_BLOCK_CAPTURE_AUTORELEASING = YES;
				CLANG_WARN_BOOL_CONVERSION = YES;
				CLANG_WARN_COMMA = YES;
				CLANG_WARN_CONSTANT_CONVERSION = YES;
				CLANG_WARN_DIRECT_OBJC_ISA_USAGE = YES_ERROR;
				CLANG_WARN_DOCUMENTATION_COMMENTS = YES;
				CLANG_WARN_EMPTY_BODY = YES;
				CLANG_WARN_ENUM_CONVERSION = YES;
				CLANG_WARN_INFINITE_RECURSION = YES;
				CLANG_WARN_INT_CONVERSION = YES;
				CLANG_WARN_NON_LITERAL_NULL_CONVERSION = YES;
				CLANG_WARN_OBJC_LITERAL_CONVERSION = YES;
				CLANG_WARN_OBJC_ROOT_CLASS = YES_ERROR;
				CLANG_WARN_RANGE_LOOP_ANALYSIS = YES;
				CLANG_WARN_STRICT_PROTOTYPES = YES;
				CLANG_WARN_SUSPICIOUS_MOVE = YES;
				CLANG_WARN_UNGUARDED_AVAILABILITY = YES_AGGRESSIVE;
				CLANG_WARN_UNREACHABLE_CODE = YES;
				CLANG_WARN__DUPLICATE_METHOD_MATCH = YES;
				CODE_SIGN_IDENTITY = "iPhone Developer";
				COPY_PHASE_STRIP = NO;
				DEBUG_INFORMATION_FORMAT = dwarf;
				ENABLE_STRICT_OBJC_MSGSEND = YES;
				ENABLE_TESTABILITY = YES;
				GCC_C_LANGUAGE_STANDARD = gnu11;
				GCC_DYNAMIC_NO_PIC = NO;
				GCC_NO_COMMON_BLOCKS = YES;
				GCC_OPTIMIZATION_LEVEL = 0;
				GCC_PREPROCESSOR_DEFINITIONS = (
					"DEBUG=1",
					"$(inherited)",
				);
				GCC_WARN_64_TO_32_BIT_CONVERSION = YES;
				GCC_WARN_ABOUT_RETURN_TYPE = YES_ERROR;
				GCC_WARN_UNDECLARED_SELECTOR = YES;
				GCC_WARN_UNINITIALIZED_AUTOS = YES_AGGRESSIVE;
				GCC_WARN_UNUSED_FUNCTION = YES;
				GCC_WARN_UNUSED_VARIABLE = YES;
				IPHONEOS_DEPLOYMENT_TARGET = 11.2;
				MTL_ENABLE_DEBUG_INFO = YES;
				ONLY_ACTIVE_ARCH = YES;
				SDKROOT = iphoneos;
				SWIFT_ACTIVE_COMPILATION_CONDITIONS = DEBUG;
				SWIFT_OPTIMIZATION_LEVEL = "-Onone";
			};
			name = Debug;
		};
		49F4AF93208E6A9200008BFD /* Release */ = {
			isa = XCBuildConfiguration;
			buildSettings = {
				ALWAYS_SEARCH_USER_PATHS = NO;
				CLANG_ANALYZER_NONNULL = YES;
				CLANG_ANALYZER_NUMBER_OBJECT_CONVERSION = YES_AGGRESSIVE;
				CLANG_CXX_LANGUAGE_STANDARD = "gnu++14";
				CLANG_CXX_LIBRARY = "libc++";
				CLANG_ENABLE_MODULES = YES;
				CLANG_ENABLE_OBJC_ARC = YES;
				CLANG_WARN_BLOCK_CAPTURE_AUTORELEASING = YES;
				CLANG_WARN_BOOL_CONVERSION = YES;
				CLANG_WARN_COMMA = YES;
				CLANG_WARN_CONSTANT_CONVERSION = YES;
				CLANG_WARN_DIRECT_OBJC_ISA_USAGE = YES_ERROR;
				CLANG_WARN_DOCUMENTATION_COMMENTS = YES;
				CLANG_WARN_EMPTY_BODY = YES;
				CLANG_WARN_ENUM_CONVERSION = YES;
				CLANG_WARN_INFINITE_RECURSION = YES;
				CLANG_WARN_INT_CONVERSION = YES;
				CLANG_WARN_NON_LITERAL_NULL_CONVERSION = YES;
				CLANG_WARN_OBJC_LITERAL_CONVERSION = YES;
				CLANG_WARN_OBJC_ROOT_CLASS = YES_ERROR;
				CLANG_WARN_RANGE_LOOP_ANALYSIS = YES;
				CLANG_WARN_STRICT_PROTOTYPES = YES;
				CLANG_WARN_SUSPICIOUS_MOVE = YES;
				CLANG_WARN_UNGUARDED_AVAILABILITY = YES_AGGRESSIVE;
				CLANG_WARN_UNREACHABLE_CODE = YES;
				CLANG_WARN__DUPLICATE_METHOD_MATCH = YES;
				CODE_SIGN_IDENTITY = "iPhone Developer";
				COPY_PHASE_STRIP = NO;
				DEBUG_INFORMATION_FORMAT = "dwarf-with-dsym";
				ENABLE_NS_ASSERTIONS = NO;
				ENABLE_STRICT_OBJC_MSGSEND = YES;
				GCC_C_LANGUAGE_STANDARD = gnu11;
				GCC_NO_COMMON_BLOCKS = YES;
				GCC_WARN_64_TO_32_BIT_CONVERSION = YES;
				GCC_WARN_ABOUT_RETURN_TYPE = YES_ERROR;
				GCC_WARN_UNDECLARED_SELECTOR = YES;
				GCC_WARN_UNINITIALIZED_AUTOS = YES_AGGRESSIVE;
				GCC_WARN_UNUSED_FUNCTION = YES;
				GCC_WARN_UNUSED_VARIABLE = YES;
				IPHONEOS_DEPLOYMENT_TARGET = 11.2;
				MTL_ENABLE_DEBUG_INFO = NO;
				SDKROOT = iphoneos;
				SWIFT_OPTIMIZATION_LEVEL = "-Owholemodule";
				VALIDATE_PRODUCT = YES;
			};
			name = Release;
		};
		49F4AF95208E6A9200008BFD /* Debug */ = {
			isa = XCBuildConfiguration;
			baseConfigurationReference = AF50FB16229C2724D4F7AC36 /* Pods-Donate.debug.xcconfig */;
			buildSettings = {
				ASSETCATALOG_COMPILER_APPICON_NAME = AppIcon;
				CODE_SIGN_STYLE = Automatic;
				DEVELOPMENT_TEAM = "";
				INFOPLIST_FILE = Donate/Info.plist;
				LD_RUNPATH_SEARCH_PATHS = "$(inherited) @executable_path/Frameworks";
				PRODUCT_BUNDLE_IDENTIFIER = com.shaunseidman.Donate;
				PRODUCT_NAME = "$(TARGET_NAME)";
				SWIFT_VERSION = 4.0;
				TARGETED_DEVICE_FAMILY = "1,2";
			};
			name = Debug;
		};
		49F4AF96208E6A9200008BFD /* Release */ = {
			isa = XCBuildConfiguration;
			baseConfigurationReference = 9462F6938D2CED68C1A4249B /* Pods-Donate.release.xcconfig */;
			buildSettings = {
				ASSETCATALOG_COMPILER_APPICON_NAME = AppIcon;
				CODE_SIGN_STYLE = Automatic;
				DEVELOPMENT_TEAM = "";
				INFOPLIST_FILE = Donate/Info.plist;
				LD_RUNPATH_SEARCH_PATHS = "$(inherited) @executable_path/Frameworks";
				PRODUCT_BUNDLE_IDENTIFIER = com.shaunseidman.Donate;
				PRODUCT_NAME = "$(TARGET_NAME)";
				SWIFT_VERSION = 4.0;
				TARGETED_DEVICE_FAMILY = "1,2";
			};
			name = Release;
		};
/* End XCBuildConfiguration section */

/* Begin XCConfigurationList section */
		49F4AF7D208E6A9200008BFD /* Build configuration list for PBXProject "Donate" */ = {
			isa = XCConfigurationList;
			buildConfigurations = (
				49F4AF92208E6A9200008BFD /* Debug */,
				49F4AF93208E6A9200008BFD /* Release */,
			);
			defaultConfigurationIsVisible = 0;
			defaultConfigurationName = Release;
		};
		49F4AF94208E6A9200008BFD /* Build configuration list for PBXNativeTarget "Donate" */ = {
			isa = XCConfigurationList;
			buildConfigurations = (
				49F4AF95208E6A9200008BFD /* Debug */,
				49F4AF96208E6A9200008BFD /* Release */,
			);
			defaultConfigurationIsVisible = 0;
			defaultConfigurationName = Release;
		};
/* End XCConfigurationList section */

/* Begin XCVersionGroup section */
		499CA522208ED25000D27F7E /* DataModel.xcdatamodeld */ = {
			isa = XCVersionGroup;
			children = (
				499CA523208ED25000D27F7E /* DataModel.xcdatamodel */,
			);
			currentVersion = 499CA523208ED25000D27F7E /* DataModel.xcdatamodel */;
			path = DataModel.xcdatamodeld;
			sourceTree = "<group>";
			versionGroupType = wrapper.xcdatamodel;
		};
/* End XCVersionGroup section */
	};
	rootObject = 49F4AF7A208E6A9200008BFD /* Project object */;
}
